
Microsoft Visual Studio Solution File, Format Version 12.00
# Visual Studio Version 17
VisualStudioVersion = 17.0.32126.317
MinimumVisualStudioVersion = 10.0.40219.1
Project("{8BC9CEB8-8B4A-11D0-8D11-00A0C91BC942}") = "Lab9-KrMet", "Lab9-KrMet\Lab9-KrMet.vcxproj", "{6AFD0A24-895C-43E3-A947-2C90FD4CB531}"
EndProject
Global
	GlobalSection(SolutionConfigurationPlatforms) = preSolution
		Debug|x64 = Debug|x64
		Debug|x86 = Debug|x86
		Release|x64 = Release|x64
		Release|x86 = Release|x86
	EndGlobalSection
	GlobalSection(ProjectConfigurationPlatforms) = postSolution
		{6AFD0A24-895C-43E3-A947-2C90FD4CB531}.Debug|x64.ActiveCfg = Debug|x64
		{6AFD0A24-895C-43E3-A947-2C90FD4CB531}.Debug|x64.Build.0 = Debug|x64
		{6AFD0A24-895C-43E3-A947-2C90FD4CB531}.Debug|x86.ActiveCfg = Debug|Win32
		{6AFD0A24-895C-43E3-A947-2C90FD4CB531}.Debug|x86.Build.0 = Debug|Win32
		{6AFD0A24-895C-43E3-A947-2C90FD4CB531}.Release|x64.ActiveCfg = Release|x64
		{6AFD0A24-895C-43E3-A947-2C90FD4CB531}.Release|x64.Build.0 = Release|x64
		{6AFD0A24-895C-43E3-A947-2C90FD4CB531}.Release|x86.ActiveCfg = Release|Win32
		{6AFD0A24-895C-43E3-A947-2C90FD4CB531}.Release|x86.Build.0 = Release|Win32
	EndGlobalSection
	GlobalSection(SolutionProperties) = preSolution
		HideSolutionNode = FALSE
	EndGlobalSection
	GlobalSection(ExtensibilityGlobals) = postSolution
		SolutionGuid = {01EC81C7-060A-4FF0-A5A6-D2841F798C08}
	EndGlobalSection
EndGlobal
